{
  "name": "@timeproofs/sdk",
  "version": "2.0.0-alpha.1",
  "lockfileVersion": 3,
  "requires": true,
  "packages": {
    "": {
      "name": "@timeproofs/sdk",
      "version": "2.0.0-alpha.1",
      "license": "MIT",
      "bin": {
        "timeproofs": "bin/timeproofs.js"
      },
      "engines": {
        "node": ">=22"
      }
    }
  }
}
